
Microsoft Visual Studio Solution File, Format Version 12.00
# Visual Studio Version 16
VisualStudioVersion = 16.0.32901.82
MinimumVisualStudioVersion = 10.0.40219.1
Project("{FAE04EC0-301F-11D3-BF4B-00C04F79EFBC}") = "ödev", "ödev\ödev.csproj", "{FEE9E32E-AF5C-4952-AA8A-E5ABBE4079E7}"
EndProject
Global
	GlobalSection(SolutionConfigurationPlatforms) = preSolution
		Debug|Any CPU = Debug|Any CPU
		Release|Any CPU = Release|Any CPU
	EndGlobalSection
	GlobalSection(ProjectConfigurationPlatforms) = postSolution
		{FEE9E32E-AF5C-4952-AA8A-E5ABBE4079E7}.Debug|Any CPU.ActiveCfg = Debug|Any CPU
		{FEE9E32E-AF5C-4952-AA8A-E5ABBE4079E7}.Debug|Any CPU.Build.0 = Debug|Any CPU
		{FEE9E32E-AF5C-4952-AA8A-E5ABBE4079E7}.Release|Any CPU.ActiveCfg = Release|Any CPU
		{FEE9E32E-AF5C-4952-AA8A-E5ABBE4079E7}.Release|Any CPU.Build.0 = Release|Any CPU
	EndGlobalSection
	GlobalSection(SolutionProperties) = preSolution
		HideSolutionNode = FALSE
	EndGlobalSection
	GlobalSection(ExtensibilityGlobals) = postSolution
		SolutionGuid = {0C7C000A-023C-411A-991F-19307CD2C6DE}
	EndGlobalSection
EndGlobal
